
Microsoft Visual Studio Solution File, Format Version 12.00
# Visual Studio Version 16
VisualStudioVersion = 16.0.30225.117
MinimumVisualStudioVersion = 10.0.40219.1
Project("{9A19103F-16F7-4668-BE54-9A1E7A4F7556}") = "ZNewShopping", "ZNewShopping.csproj", "{B8379078-28E9-40BB-8C8F-63B6F439BCE6}"
EndProject
Project("{9A19103F-16F7-4668-BE54-9A1E7A4F7556}") = "SHOP.Model", "..\ComModel\SHOP.Model.csproj", "{17372507-7138-4C0F-8138-D2BE03878440}"
EndProject
Project("{9A19103F-16F7-4668-BE54-9A1E7A4F7556}") = "SHOP.DAL", "..\SHOP.DAL\SHOP.DAL.csproj", "{BA1ACD29-94F1-41CC-B6CD-13FB024405E1}"
EndProject
Project("{9A19103F-16F7-4668-BE54-9A1E7A4F7556}") = "SHOP.BLL", "..\SHOP.BLL\SHOP.BLL.csproj", "{FC4BDE6F-C385-4977-8B63-C8826601E1BC}"
EndProject
Global
	GlobalSection(SolutionConfigurationPlatforms) = preSolution
		Debug|Any CPU = Debug|Any CPU
		Release|Any CPU = Release|Any CPU
	EndGlobalSection
	GlobalSection(ProjectConfigurationPlatforms) = postSolution
		{B8379078-28E9-40BB-8C8F-63B6F439BCE6}.Debug|Any CPU.ActiveCfg = Debug|Any CPU
		{B8379078-28E9-40BB-8C8F-63B6F439BCE6}.Debug|Any CPU.Build.0 = Debug|Any CPU
		{B8379078-28E9-40BB-8C8F-63B6F439BCE6}.Release|Any CPU.ActiveCfg = Release|Any CPU
		{B8379078-28E9-40BB-8C8F-63B6F439BCE6}.Release|Any CPU.Build.0 = Release|Any CPU
		{17372507-7138-4C0F-8138-D2BE03878440}.Debug|Any CPU.ActiveCfg = Debug|Any CPU
		{17372507-7138-4C0F-8138-D2BE03878440}.Debug|Any CPU.Build.0 = Debug|Any CPU
		{17372507-7138-4C0F-8138-D2BE03878440}.Release|Any CPU.ActiveCfg = Release|Any CPU
		{17372507-7138-4C0F-8138-D2BE03878440}.Release|Any CPU.Build.0 = Release|Any CPU
		{BA1ACD29-94F1-41CC-B6CD-13FB024405E1}.Debug|Any CPU.ActiveCfg = Debug|Any CPU
		{BA1ACD29-94F1-41CC-B6CD-13FB024405E1}.Debug|Any CPU.Build.0 = Debug|Any CPU
		{BA1ACD29-94F1-41CC-B6CD-13FB024405E1}.Release|Any CPU.ActiveCfg = Release|Any CPU
		{BA1ACD29-94F1-41CC-B6CD-13FB024405E1}.Release|Any CPU.Build.0 = Release|Any CPU
		{FC4BDE6F-C385-4977-8B63-C8826601E1BC}.Debug|Any CPU.ActiveCfg = Debug|Any CPU
		{FC4BDE6F-C385-4977-8B63-C8826601E1BC}.Debug|Any CPU.Build.0 = Debug|Any CPU
		{FC4BDE6F-C385-4977-8B63-C8826601E1BC}.Release|Any CPU.ActiveCfg = Release|Any CPU
		{FC4BDE6F-C385-4977-8B63-C8826601E1BC}.Release|Any CPU.Build.0 = Release|Any CPU
	EndGlobalSection
	GlobalSection(SolutionProperties) = preSolution
		HideSolutionNode = FALSE
	EndGlobalSection
	GlobalSection(ExtensibilityGlobals) = postSolution
		SolutionGuid = {2CE68B11-F32F-4154-B679-74D8BADD23D4}
	EndGlobalSection
EndGlobal
