
Microsoft Visual Studio Solution File, Format Version 12.00
# Visual Studio Version 16
VisualStudioVersion = 16.0.30225.117
MinimumVisualStudioVersion = 10.0.40219.1
Project("{9A19103F-16F7-4668-BE54-9A1E7A4F7556}") = "ZNewShopping", "ZNewShopping.csproj", "{B8379078-28E9-40BB-8C8F-63B6F439BCE6}"
EndProject
Project("{9A19103F-16F7-4668-BE54-9A1E7A4F7556}") = "SHOP.DAL", "..\SHOP.DAL\SHOP.DAL.csproj", "{BA1ACD29-94F1-41CC-B6CD-13FB024405E1}"
EndProject
Project("{9A19103F-16F7-4668-BE54-9A1E7A4F7556}") = "SHOP.BLL", "..\SHOP.BLL\SHOP.BLL.csproj", "{FC4BDE6F-C385-4977-8B63-C8826601E1BC}"
EndProject
Project("{9A19103F-16F7-4668-BE54-9A1E7A4F7556}") = "ZNewShopping.Admin", "..\ZNewShopping.Admin\ZNewShopping.Admin.csproj", "{8E19F80E-E8B6-46D1-B3AE-918B8C380B48}"
EndProject
Project("{9A19103F-16F7-4668-BE54-9A1E7A4F7556}") = "SHOP.IDAL", "..\SHOP.IDAL\SHOP.IDAL.csproj", "{E2796448-B050-4925-BD64-B6E9D2DCAE60}"
EndProject
Project("{9A19103F-16F7-4668-BE54-9A1E7A4F7556}") = "SHOP.Model", "..\SHOP.Model\SHOP.Model.csproj", "{BDC1FFCF-C6CB-48EF-8F67-6954FFE5AFAA}"
EndProject
Global
	GlobalSection(SolutionConfigurationPlatforms) = preSolution
		Debug|Any CPU = Debug|Any CPU
		Release|Any CPU = Release|Any CPU
	EndGlobalSection
	GlobalSection(ProjectConfigurationPlatforms) = postSolution
		{B8379078-28E9-40BB-8C8F-63B6F439BCE6}.Debug|Any CPU.ActiveCfg = Debug|Any CPU
		{B8379078-28E9-40BB-8C8F-63B6F439BCE6}.Debug|Any CPU.Build.0 = Debug|Any CPU
		{B8379078-28E9-40BB-8C8F-63B6F439BCE6}.Release|Any CPU.ActiveCfg = Release|Any CPU
		{B8379078-28E9-40BB-8C8F-63B6F439BCE6}.Release|Any CPU.Build.0 = Release|Any CPU
		{BA1ACD29-94F1-41CC-B6CD-13FB024405E1}.Debug|Any CPU.ActiveCfg = Debug|Any CPU
		{BA1ACD29-94F1-41CC-B6CD-13FB024405E1}.Debug|Any CPU.Build.0 = Debug|Any CPU
		{BA1ACD29-94F1-41CC-B6CD-13FB024405E1}.Release|Any CPU.ActiveCfg = Release|Any CPU
		{BA1ACD29-94F1-41CC-B6CD-13FB024405E1}.Release|Any CPU.Build.0 = Release|Any CPU
		{FC4BDE6F-C385-4977-8B63-C8826601E1BC}.Debug|Any CPU.ActiveCfg = Debug|Any CPU
		{FC4BDE6F-C385-4977-8B63-C8826601E1BC}.Debug|Any CPU.Build.0 = Debug|Any CPU
		{FC4BDE6F-C385-4977-8B63-C8826601E1BC}.Release|Any CPU.ActiveCfg = Release|Any CPU
		{FC4BDE6F-C385-4977-8B63-C8826601E1BC}.Release|Any CPU.Build.0 = Release|Any CPU
		{8E19F80E-E8B6-46D1-B3AE-918B8C380B48}.Debug|Any CPU.ActiveCfg = Debug|Any CPU
		{8E19F80E-E8B6-46D1-B3AE-918B8C380B48}.Debug|Any CPU.Build.0 = Debug|Any CPU
		{8E19F80E-E8B6-46D1-B3AE-918B8C380B48}.Release|Any CPU.ActiveCfg = Release|Any CPU
		{8E19F80E-E8B6-46D1-B3AE-918B8C380B48}.Release|Any CPU.Build.0 = Release|Any CPU
		{E2796448-B050-4925-BD64-B6E9D2DCAE60}.Debug|Any CPU.ActiveCfg = Debug|Any CPU
		{E2796448-B050-4925-BD64-B6E9D2DCAE60}.Debug|Any CPU.Build.0 = Debug|Any CPU
		{E2796448-B050-4925-BD64-B6E9D2DCAE60}.Release|Any CPU.ActiveCfg = Release|Any CPU
		{E2796448-B050-4925-BD64-B6E9D2DCAE60}.Release|Any CPU.Build.0 = Release|Any CPU
		{BDC1FFCF-C6CB-48EF-8F67-6954FFE5AFAA}.Debug|Any CPU.ActiveCfg = Debug|Any CPU
		{BDC1FFCF-C6CB-48EF-8F67-6954FFE5AFAA}.Debug|Any CPU.Build.0 = Debug|Any CPU
		{BDC1FFCF-C6CB-48EF-8F67-6954FFE5AFAA}.Release|Any CPU.ActiveCfg = Release|Any CPU
		{BDC1FFCF-C6CB-48EF-8F67-6954FFE5AFAA}.Release|Any CPU.Build.0 = Release|Any CPU
	EndGlobalSection
	GlobalSection(SolutionProperties) = preSolution
		HideSolutionNode = FALSE
	EndGlobalSection
	GlobalSection(ExtensibilityGlobals) = postSolution
		SolutionGuid = {2CE68B11-F32F-4154-B679-74D8BADD23D4}
	EndGlobalSection
EndGlobal
